
Microsoft Visual Studio Solution File, Format Version 12.00
# Visual Studio 2012
Project("{FAE04EC0-301F-11D3-BF4B-00C04F79EFBC}") = "AxModel.Common", "AxModel.Common\AxModel.Common.csproj", "{707B3AF1-6A67-443D-B0E9-0960C512328B}"
EndProject
Project("{FAE04EC0-301F-11D3-BF4B-00C04F79EFBC}") = "AxModel.Data", "AxModel.Data\AxModel.Data.csproj", "{B56FED49-218C-4715-9155-1298AC9992E1}"
EndProject
Project("{FAE04EC0-301F-11D3-BF4B-00C04F79EFBC}") = "AxModel.Data2", "AxModel.Data2\AxModel.Data2.csproj", "{1F12AF4A-24F2-4000-AFE8-E65CFC750F1B}"
EndProject
Global
	GlobalSection(SolutionConfigurationPlatforms) = preSolution
		Debug|Any CPU = Debug|Any CPU
		Debug|Mixed Platforms = Debug|Mixed Platforms
		Debug|x86 = Debug|x86
		Release|Any CPU = Release|Any CPU
		Release|Mixed Platforms = Release|Mixed Platforms
		Release|x86 = Release|x86
	EndGlobalSection
	GlobalSection(ProjectConfigurationPlatforms) = postSolution
		{707B3AF1-6A67-443D-B0E9-0960C512328B}.Debug|Any CPU.ActiveCfg = Debug|x86
		{707B3AF1-6A67-443D-B0E9-0960C512328B}.Debug|Mixed Platforms.ActiveCfg = Debug|x86
		{707B3AF1-6A67-443D-B0E9-0960C512328B}.Debug|Mixed Platforms.Build.0 = Debug|x86
		{707B3AF1-6A67-443D-B0E9-0960C512328B}.Debug|x86.ActiveCfg = Debug|x86
		{707B3AF1-6A67-443D-B0E9-0960C512328B}.Debug|x86.Build.0 = Debug|x86
		{707B3AF1-6A67-443D-B0E9-0960C512328B}.Release|Any CPU.ActiveCfg = Release|x86
		{707B3AF1-6A67-443D-B0E9-0960C512328B}.Release|Mixed Platforms.ActiveCfg = Release|x86
		{707B3AF1-6A67-443D-B0E9-0960C512328B}.Release|Mixed Platforms.Build.0 = Release|x86
		{707B3AF1-6A67-443D-B0E9-0960C512328B}.Release|x86.ActiveCfg = Release|x86
		{707B3AF1-6A67-443D-B0E9-0960C512328B}.Release|x86.Build.0 = Release|x86
		{B56FED49-218C-4715-9155-1298AC9992E1}.Debug|Any CPU.ActiveCfg = Debug|Any CPU
		{B56FED49-218C-4715-9155-1298AC9992E1}.Debug|Any CPU.Build.0 = Debug|Any CPU
		{B56FED49-218C-4715-9155-1298AC9992E1}.Debug|Mixed Platforms.ActiveCfg = Debug|Any CPU
		{B56FED49-218C-4715-9155-1298AC9992E1}.Debug|Mixed Platforms.Build.0 = Debug|Any CPU
		{B56FED49-218C-4715-9155-1298AC9992E1}.Debug|x86.ActiveCfg = Debug|Any CPU
		{B56FED49-218C-4715-9155-1298AC9992E1}.Release|Any CPU.ActiveCfg = Release|Any CPU
		{B56FED49-218C-4715-9155-1298AC9992E1}.Release|Any CPU.Build.0 = Release|Any CPU
		{B56FED49-218C-4715-9155-1298AC9992E1}.Release|Mixed Platforms.ActiveCfg = Release|Any CPU
		{B56FED49-218C-4715-9155-1298AC9992E1}.Release|Mixed Platforms.Build.0 = Release|Any CPU
		{B56FED49-218C-4715-9155-1298AC9992E1}.Release|x86.ActiveCfg = Release|Any CPU
		{1F12AF4A-24F2-4000-AFE8-E65CFC750F1B}.Debug|Any CPU.ActiveCfg = Debug|Any CPU
		{1F12AF4A-24F2-4000-AFE8-E65CFC750F1B}.Debug|Any CPU.Build.0 = Debug|Any CPU
		{1F12AF4A-24F2-4000-AFE8-E65CFC750F1B}.Debug|Mixed Platforms.ActiveCfg = Debug|Any CPU
		{1F12AF4A-24F2-4000-AFE8-E65CFC750F1B}.Debug|Mixed Platforms.Build.0 = Debug|Any CPU
		{1F12AF4A-24F2-4000-AFE8-E65CFC750F1B}.Debug|x86.ActiveCfg = Debug|Any CPU
		{1F12AF4A-24F2-4000-AFE8-E65CFC750F1B}.Release|Any CPU.ActiveCfg = Release|Any CPU
		{1F12AF4A-24F2-4000-AFE8-E65CFC750F1B}.Release|Any CPU.Build.0 = Release|Any CPU
		{1F12AF4A-24F2-4000-AFE8-E65CFC750F1B}.Release|Mixed Platforms.ActiveCfg = Release|Any CPU
		{1F12AF4A-24F2-4000-AFE8-E65CFC750F1B}.Release|Mixed Platforms.Build.0 = Release|Any CPU
		{1F12AF4A-24F2-4000-AFE8-E65CFC750F1B}.Release|x86.ActiveCfg = Release|Any CPU
	EndGlobalSection
	GlobalSection(SolutionProperties) = preSolution
		HideSolutionNode = FALSE
	EndGlobalSection
EndGlobal
